
Microsoft Visual Studio Solution File, Format Version 12.00
# Visual Studio Version 16
VisualStudioVersion = 16.0.29215.179
MinimumVisualStudioVersion = 10.0.40219.1
Project("{888888A0-9F3D-457C-B088-3A5042F75D52}") = "TAU", "TAU\TAU.pyproj", "{F3697DCA-DDBD-4448-9C73-E9426915D528}"
EndProject
Global
	GlobalSection(SolutionConfigurationPlatforms) = preSolution
		Debug|Any CPU = Debug|Any CPU
		Release|Any CPU = Release|Any CPU
	EndGlobalSection
	GlobalSection(ProjectConfigurationPlatforms) = postSolution
		{F3697DCA-DDBD-4448-9C73-E9426915D528}.Debug|Any CPU.ActiveCfg = Debug|Any CPU
		{F3697DCA-DDBD-4448-9C73-E9426915D528}.Release|Any CPU.ActiveCfg = Release|Any CPU
	EndGlobalSection
	GlobalSection(SolutionProperties) = preSolution
		HideSolutionNode = FALSE
	EndGlobalSection
	GlobalSection(ExtensibilityGlobals) = postSolution
		SolutionGuid = {E9860FF7-5EA0-44D8-ADCF-962079B8E9FA}
	EndGlobalSection
EndGlobal
